// !$*UTF8*$!
{
	archiveVersion = 1;
	classes = {
	};
	objectVersion = 56;
	objects = {

/* Begin PBXBuildFile section */
		351D70742CCE925700753788 /* CustomButton.swift in Sources */ = {isa = PBXBuildFile; fileRef = 351D70732CCE925700753788 /* CustomButton.swift */; };
		351D70762CCE938C00753788 /* IconButton.swift in Sources */ = {isa = PBXBuildFile; fileRef = 351D70752CCE938C00753788 /* IconButton.swift */; };
		351D70782CCE940300753788 /* CloseButton.swift in Sources */ = {isa = PBXBuildFile; fileRef = 351D70772CCE940300753788 /* CloseButton.swift */; };
		351D707A2CCE951C00753788 /* ToggleButton.swift in Sources */ = {isa = PBXBuildFile; fileRef = 351D70792CCE951C00753788 /* ToggleButton.swift */; };
		351D707C2CCE955100753788 /* RoundButton.swift in Sources */ = {isa = PBXBuildFile; fileRef = 351D707B2CCE955100753788 /* RoundButton.swift */; };
		3525C6B82C07F1CA00AC800A /* CustomTextField.swift in Sources */ = {isa = PBXBuildFile; fileRef = 3525C6B72C07F1CA00AC800A /* CustomTextField.swift */; };
		3525C6BA2C07F61700AC800A /* TextFieldContentView.swift in Sources */ = {isa = PBXBuildFile; fileRef = 3525C6B92C07F61700AC800A /* TextFieldContentView.swift */; };
		3525C6BC2C07F76300AC800A /* PasswordTextField.swift in Sources */ = {isa = PBXBuildFile; fileRef = 3525C6BB2C07F76300AC800A /* PasswordTextField.swift */; };
		3525C6BE2C08237900AC800A /* UnderlinedTextField.swift in Sources */ = {isa = PBXBuildFile; fileRef = 3525C6BD2C08237900AC800A /* UnderlinedTextField.swift */; };
		3525C6C12C0823BE00AC800A /* ViewExtension.swift in Sources */ = {isa = PBXBuildFile; fileRef = 3525C6C02C0823BE00AC800A /* ViewExtension.swift */; };
		3525C6C32C082BAE00AC800A /* SearchingTextField.swift in Sources */ = {isa = PBXBuildFile; fileRef = 3525C6C22C082BAE00AC800A /* SearchingTextField.swift */; };
		3525C6C52C08372500AC800A /* ColorExtension.swift in Sources */ = {isa = PBXBuildFile; fileRef = 3525C6C42C08372500AC800A /* ColorExtension.swift */; };
		3525C6C72C08375E00AC800A /* NeumorphicStyleTextField.swift in Sources */ = {isa = PBXBuildFile; fileRef = 3525C6C62C08375E00AC800A /* NeumorphicStyleTextField.swift */; };
		3525C6C92C0838D500AC800A /* OvalTextField.swift in Sources */ = {isa = PBXBuildFile; fileRef = 3525C6C82C0838D500AC800A /* OvalTextField.swift */; };
		3525C6CB2C083B0B00AC800A /* OutlinedTextField.swift in Sources */ = {isa = PBXBuildFile; fileRef = 3525C6CA2C083B0B00AC800A /* OutlinedTextField.swift */; };
		3525C6CD2C0843DB00AC800A /* CommonTextField.swift in Sources */ = {isa = PBXBuildFile; fileRef = 3525C6CC2C0843DB00AC800A /* CommonTextField.swift */; };
		3525C6D02C08586800AC800A /* ValidationModel.swift in Sources */ = {isa = PBXBuildFile; fileRef = 3525C6CF2C08586800AC800A /* ValidationModel.swift */; };
		3525C6D32C0858F100AC800A /* ValidationDelegate.swift in Sources */ = {isa = PBXBuildFile; fileRef = 3525C6D22C0858F100AC800A /* ValidationDelegate.swift */; };
		3525C6D52C08593C00AC800A /* Validations.swift in Sources */ = {isa = PBXBuildFile; fileRef = 3525C6D42C08593C00AC800A /* Validations.swift */; };
		3525C6D72C085B7800AC800A /* IllusionTextField.swift in Sources */ = {isa = PBXBuildFile; fileRef = 3525C6D62C085B7800AC800A /* IllusionTextField.swift */; };
		3525C6D92C086E6F00AC800A /* ButterflyTextField.swift in Sources */ = {isa = PBXBuildFile; fileRef = 3525C6D82C086E6F00AC800A /* ButterflyTextField.swift */; };
		3525C6DB2C08707F00AC800A /* GangnamTextField.swift in Sources */ = {isa = PBXBuildFile; fileRef = 3525C6DA2C08707F00AC800A /* GangnamTextField.swift */; };
		3525C6DD2C0877B800AC800A /* BasicLoginView.swift in Sources */ = {isa = PBXBuildFile; fileRef = 3525C6DC2C0877B800AC800A /* BasicLoginView.swift */; };
		3525C6DF2C08868300AC800A /* ProtocolExtension.swift in Sources */ = {isa = PBXBuildFile; fileRef = 3525C6DE2C08868300AC800A /* ProtocolExtension.swift */; };
		357B0B5A2C07AE35000B9A7C /* TitleLabel.swift in Sources */ = {isa = PBXBuildFile; fileRef = 357B0B592C07AE35000B9A7C /* TitleLabel.swift */; };
		357B0B5C2C07AE80000B9A7C /* SubtitleLabel.swift in Sources */ = {isa = PBXBuildFile; fileRef = 357B0B5B2C07AE80000B9A7C /* SubtitleLabel.swift */; };
		357B0B5E2C07AEB4000B9A7C /* IconLabel.swift in Sources */ = {isa = PBXBuildFile; fileRef = 357B0B5D2C07AEB4000B9A7C /* IconLabel.swift */; };
		357B0B602C07B989000B9A7C /* CustomText.swift in Sources */ = {isa = PBXBuildFile; fileRef = 357B0B5F2C07B989000B9A7C /* CustomText.swift */; };
		357B0B632C07DC65000B9A7C /* CaptionLabel.swift in Sources */ = {isa = PBXBuildFile; fileRef = 357B0B622C07DC65000B9A7C /* CaptionLabel.swift */; };
		357B0B662C07DD61000B9A7C /* BodyLabel.swift in Sources */ = {isa = PBXBuildFile; fileRef = 357B0B652C07DD61000B9A7C /* BodyLabel.swift */; };
		357B0B682C07DD82000B9A7C /* HeaderLabel.swift in Sources */ = {isa = PBXBuildFile; fileRef = 357B0B672C07DD82000B9A7C /* HeaderLabel.swift */; };
		357B0B6A2C07DDB6000B9A7C /* FooterLabel.swift in Sources */ = {isa = PBXBuildFile; fileRef = 357B0B692C07DDB6000B9A7C /* FooterLabel.swift */; };
		359363112C07AC4000B1C233 /* SwiftUIViewsApp.swift in Sources */ = {isa = PBXBuildFile; fileRef = 359363102C07AC4000B1C233 /* SwiftUIViewsApp.swift */; };
		359363132C07AC4000B1C233 /* TextContentView.swift in Sources */ = {isa = PBXBuildFile; fileRef = 359363122C07AC4000B1C233 /* TextContentView.swift */; };
		359363152C07AC4100B1C233 /* Assets.xcassets in Resources */ = {isa = PBXBuildFile; fileRef = 359363142C07AC4100B1C233 /* Assets.xcassets */; };
		359363182C07AC4100B1C233 /* Preview Assets.xcassets in Resources */ = {isa = PBXBuildFile; fileRef = 359363172C07AC4100B1C233 /* Preview Assets.xcassets */; };
		35C6E6FC2C1CE57600482996 /* SectionHeader.swift in Sources */ = {isa = PBXBuildFile; fileRef = 35C6E6FB2C1CE57600482996 /* SectionHeader.swift */; };
/* End PBXBuildFile section */

/* Begin PBXFileReference section */
		351D70732CCE925700753788 /* CustomButton.swift */ = {isa = PBXFileReference; lastKnownFileType = sourcecode.swift; path = CustomButton.swift; sourceTree = "<group>"; };
		351D70752CCE938C00753788 /* IconButton.swift */ = {isa = PBXFileReference; lastKnownFileType = sourcecode.swift; path = IconButton.swift; sourceTree = "<group>"; };
		351D70772CCE940300753788 /* CloseButton.swift */ = {isa = PBXFileReference; lastKnownFileType = sourcecode.swift; path = CloseButton.swift; sourceTree = "<group>"; };
		351D70792CCE951C00753788 /* ToggleButton.swift */ = {isa = PBXFileReference; lastKnownFileType = sourcecode.swift; path = ToggleButton.swift; sourceTree = "<group>"; };
		351D707B2CCE955100753788 /* RoundButton.swift */ = {isa = PBXFileReference; lastKnownFileType = sourcecode.swift; path = RoundButton.swift; sourceTree = "<group>"; };
		3525C6B72C07F1CA00AC800A /* CustomTextField.swift */ = {isa = PBXFileReference; lastKnownFileType = sourcecode.swift; path = CustomTextField.swift; sourceTree = "<group>"; };
		3525C6B92C07F61700AC800A /* TextFieldContentView.swift */ = {isa = PBXFileReference; lastKnownFileType = sourcecode.swift; path = TextFieldContentView.swift; sourceTree = "<group>"; };
		3525C6BB2C07F76300AC800A /* PasswordTextField.swift */ = {isa = PBXFileReference; lastKnownFileType = sourcecode.swift; path = PasswordTextField.swift; sourceTree = "<group>"; };
		3525C6BD2C08237900AC800A /* UnderlinedTextField.swift */ = {isa = PBXFileReference; lastKnownFileType = sourcecode.swift; path = UnderlinedTextField.swift; sourceTree = "<group>"; };
		3525C6C02C0823BE00AC800A /* ViewExtension.swift */ = {isa = PBXFileReference; lastKnownFileType = sourcecode.swift; path = ViewExtension.swift; sourceTree = "<group>"; };
		3525C6C22C082BAE00AC800A /* SearchingTextField.swift */ = {isa = PBXFileReference; lastKnownFileType = sourcecode.swift; path = SearchingTextField.swift; sourceTree = "<group>"; };
		3525C6C42C08372500AC800A /* ColorExtension.swift */ = {isa = PBXFileReference; lastKnownFileType = sourcecode.swift; path = ColorExtension.swift; sourceTree = "<group>"; };
		3525C6C62C08375E00AC800A /* NeumorphicStyleTextField.swift */ = {isa = PBXFileReference; lastKnownFileType = sourcecode.swift; path = NeumorphicStyleTextField.swift; sourceTree = "<group>"; };
		3525C6C82C0838D500AC800A /* OvalTextField.swift */ = {isa = PBXFileReference; lastKnownFileType = sourcecode.swift; path = OvalTextField.swift; sourceTree = "<group>"; };
		3525C6CA2C083B0B00AC800A /* OutlinedTextField.swift */ = {isa = PBXFileReference; lastKnownFileType = sourcecode.swift; path = OutlinedTextField.swift; sourceTree = "<group>"; };
		3525C6CC2C0843DB00AC800A /* CommonTextField.swift */ = {isa = PBXFileReference; lastKnownFileType = sourcecode.swift; path = CommonTextField.swift; sourceTree = "<group>"; };
		3525C6CF2C08586800AC800A /* ValidationModel.swift */ = {isa = PBXFileReference; lastKnownFileType = sourcecode.swift; path = ValidationModel.swift; sourceTree = "<group>"; };
		3525C6D22C0858F100AC800A /* ValidationDelegate.swift */ = {isa = PBXFileReference; lastKnownFileType = sourcecode.swift; path = ValidationDelegate.swift; sourceTree = "<group>"; };
		3525C6D42C08593C00AC800A /* Validations.swift */ = {isa = PBXFileReference; lastKnownFileType = sourcecode.swift; path = Validations.swift; sourceTree = "<group>"; };
		3525C6D62C085B7800AC800A /* IllusionTextField.swift */ = {isa = PBXFileReference; lastKnownFileType = sourcecode.swift; path = IllusionTextField.swift; sourceTree = "<group>"; };
		3525C6D82C086E6F00AC800A /* ButterflyTextField.swift */ = {isa = PBXFileReference; lastKnownFileType = sourcecode.swift; path = ButterflyTextField.swift; sourceTree = "<group>"; };
		3525C6DA2C08707F00AC800A /* GangnamTextField.swift */ = {isa = PBXFileReference; lastKnownFileType = sourcecode.swift; path = GangnamTextField.swift; sourceTree = "<group>"; };
		3525C6DC2C0877B800AC800A /* BasicLoginView.swift */ = {isa = PBXFileReference; lastKnownFileType = sourcecode.swift; path = BasicLoginView.swift; sourceTree = "<group>"; };
		3525C6DE2C08868300AC800A /* ProtocolExtension.swift */ = {isa = PBXFileReference; lastKnownFileType = sourcecode.swift; path = ProtocolExtension.swift; sourceTree = "<group>"; };
		357B0B592C07AE35000B9A7C /* TitleLabel.swift */ = {isa = PBXFileReference; lastKnownFileType = sourcecode.swift; path = TitleLabel.swift; sourceTree = "<group>"; };
		357B0B5B2C07AE80000B9A7C /* SubtitleLabel.swift */ = {isa = PBXFileReference; lastKnownFileType = sourcecode.swift; path = SubtitleLabel.swift; sourceTree = "<group>"; };
		357B0B5D2C07AEB4000B9A7C /* IconLabel.swift */ = {isa = PBXFileReference; lastKnownFileType = sourcecode.swift; path = IconLabel.swift; sourceTree = "<group>"; };
		357B0B5F2C07B989000B9A7C /* CustomText.swift */ = {isa = PBXFileReference; lastKnownFileType = sourcecode.swift; path = CustomText.swift; sourceTree = "<group>"; };
		357B0B622C07DC65000B9A7C /* CaptionLabel.swift */ = {isa = PBXFileReference; lastKnownFileType = sourcecode.swift; path = CaptionLabel.swift; sourceTree = "<group>"; };
		357B0B652C07DD61000B9A7C /* BodyLabel.swift */ = {isa = PBXFileReference; lastKnownFileType = sourcecode.swift; path = BodyLabel.swift; sourceTree = "<group>"; };
		357B0B672C07DD82000B9A7C /* HeaderLabel.swift */ = {isa = PBXFileReference; lastKnownFileType = sourcecode.swift; path = HeaderLabel.swift; sourceTree = "<group>"; };
		357B0B692C07DDB6000B9A7C /* FooterLabel.swift */ = {isa = PBXFileReference; lastKnownFileType = sourcecode.swift; path = FooterLabel.swift; sourceTree = "<group>"; };
		3593630D2C07AC4000B1C233 /* SwiftUIViews.app */ = {isa = PBXFileReference; explicitFileType = wrapper.application; includeInIndex = 0; path = SwiftUIViews.app; sourceTree = BUILT_PRODUCTS_DIR; };
		359363102C07AC4000B1C233 /* SwiftUIViewsApp.swift */ = {isa = PBXFileReference; lastKnownFileType = sourcecode.swift; path = SwiftUIViewsApp.swift; sourceTree = "<group>"; };
		359363122C07AC4000B1C233 /* TextContentView.swift */ = {isa = PBXFileReference; lastKnownFileType = sourcecode.swift; path = TextContentView.swift; sourceTree = "<group>"; };
		359363142C07AC4100B1C233 /* Assets.xcassets */ = {isa = PBXFileReference; lastKnownFileType = folder.assetcatalog; path = Assets.xcassets; sourceTree = "<group>"; };
		359363172C07AC4100B1C233 /* Preview Assets.xcassets */ = {isa = PBXFileReference; lastKnownFileType = folder.assetcatalog; path = "Preview Assets.xcassets"; sourceTree = "<group>"; };
		35C6E6FB2C1CE57600482996 /* SectionHeader.swift */ = {isa = PBXFileReference; lastKnownFileType = sourcecode.swift; path = SectionHeader.swift; sourceTree = "<group>"; };
/* End PBXFileReference section */

/* Begin PBXFrameworksBuildPhase section */
		3593630A2C07AC4000B1C233 /* Frameworks */ = {
			isa = PBXFrameworksBuildPhase;
			buildActionMask = 2147483647;
			files = (
			);
			runOnlyForDeploymentPostprocessing = 0;
		};
/* End PBXFrameworksBuildPhase section */

/* Begin PBXGroup section */
		351D70722CCE921300753788 /* Buttons */ = {
			isa = PBXGroup;
			children = (
				351D707B2CCE955100753788 /* RoundButton.swift */,
				351D70792CCE951C00753788 /* ToggleButton.swift */,
				351D70772CCE940300753788 /* CloseButton.swift */,
				351D70752CCE938C00753788 /* IconButton.swift */,
			);
			path = Buttons;
			sourceTree = "<group>";
		};
		3525C6B62C07F17F00AC800A /* TextFields */ = {
			isa = PBXGroup;
			children = (
				3525C6D82C086E6F00AC800A /* ButterflyTextField.swift */,
				3525C6CC2C0843DB00AC800A /* CommonTextField.swift */,
				3525C6DA2C08707F00AC800A /* GangnamTextField.swift */,
				3525C6D62C085B7800AC800A /* IllusionTextField.swift */,
				3525C6C62C08375E00AC800A /* NeumorphicStyleTextField.swift */,
				3525C6CA2C083B0B00AC800A /* OutlinedTextField.swift */,
				3525C6C82C0838D500AC800A /* OvalTextField.swift */,
				3525C6BB2C07F76300AC800A /* PasswordTextField.swift */,
				3525C6C22C082BAE00AC800A /* SearchingTextField.swift */,
				3525C6BD2C08237900AC800A /* UnderlinedTextField.swift */,
			);
			path = TextFields;
			sourceTree = "<group>";
		};
		3525C6BF2C0823AD00AC800A /* Extensions */ = {
			isa = PBXGroup;
			children = (
				3525C6C02C0823BE00AC800A /* ViewExtension.swift */,
				3525C6C42C08372500AC800A /* ColorExtension.swift */,
				3525C6DE2C08868300AC800A /* ProtocolExtension.swift */,
			);
			path = Extensions;
			sourceTree = "<group>";
		};
		3525C6D12C08588B00AC800A /* Validation */ = {
			isa = PBXGroup;
			children = (
				3525C6CF2C08586800AC800A /* ValidationModel.swift */,
				3525C6D22C0858F100AC800A /* ValidationDelegate.swift */,
				3525C6D42C08593C00AC800A /* Validations.swift */,
			);
			path = Validation;
			sourceTree = "<group>";
		};
		357B0B562C07AD7D000B9A7C /* Labels */ = {
			isa = PBXGroup;
			children = (
				357B0B652C07DD61000B9A7C /* BodyLabel.swift */,
				357B0B622C07DC65000B9A7C /* CaptionLabel.swift */,
				357B0B692C07DDB6000B9A7C /* FooterLabel.swift */,
				357B0B672C07DD82000B9A7C /* HeaderLabel.swift */,
				357B0B5D2C07AEB4000B9A7C /* IconLabel.swift */,
				357B0B5B2C07AE80000B9A7C /* SubtitleLabel.swift */,
				357B0B592C07AE35000B9A7C /* TitleLabel.swift */,
				35C6E6FB2C1CE57600482996 /* SectionHeader.swift */,
			);
			path = Labels;
			sourceTree = "<group>";
		};
		357B0B612C07D754000B9A7C /* CustomComponents */ = {
			isa = PBXGroup;
			children = (
				351D70732CCE925700753788 /* CustomButton.swift */,
				357B0B5F2C07B989000B9A7C /* CustomText.swift */,
				3525C6B72C07F1CA00AC800A /* CustomTextField.swift */,
			);
			path = CustomComponents;
			sourceTree = "<group>";
		};
		357B0B642C07DCA3000B9A7C /* ContentViews */ = {
			isa = PBXGroup;
			children = (
				359363122C07AC4000B1C233 /* TextContentView.swift */,
				3525C6B92C07F61700AC800A /* TextFieldContentView.swift */,
				3525C6DC2C0877B800AC800A /* BasicLoginView.swift */,
			);
			path = ContentViews;
			sourceTree = "<group>";
		};
		359363042C07AC4000B1C233 = {
			isa = PBXGroup;
			children = (
				3593630F2C07AC4000B1C233 /* SwiftUIViews */,
				3593630E2C07AC4000B1C233 /* Products */,
			);
			sourceTree = "<group>";
		};
		3593630E2C07AC4000B1C233 /* Products */ = {
			isa = PBXGroup;
			children = (
				3593630D2C07AC4000B1C233 /* SwiftUIViews.app */,
			);
			name = Products;
			sourceTree = "<group>";
		};
		3593630F2C07AC4000B1C233 /* SwiftUIViews */ = {
			isa = PBXGroup;
			children = (
				359363102C07AC4000B1C233 /* SwiftUIViewsApp.swift */,
				3525C6D12C08588B00AC800A /* Validation */,
				357B0B642C07DCA3000B9A7C /* ContentViews */,
				357B0B612C07D754000B9A7C /* CustomComponents */,
				357B0B562C07AD7D000B9A7C /* Labels */,
				3525C6B62C07F17F00AC800A /* TextFields */,
				351D70722CCE921300753788 /* Buttons */,
				3525C6BF2C0823AD00AC800A /* Extensions */,
				359363142C07AC4100B1C233 /* Assets.xcassets */,
				359363162C07AC4100B1C233 /* Preview Content */,
			);
			path = SwiftUIViews;
			sourceTree = "<group>";
		};
		359363162C07AC4100B1C233 /* Preview Content */ = {
			isa = PBXGroup;
			children = (
				359363172C07AC4100B1C233 /* Preview Assets.xcassets */,
			);
			path = "Preview Content";
			sourceTree = "<group>";
		};
/* End PBXGroup section */

/* Begin PBXNativeTarget section */
		3593630C2C07AC4000B1C233 /* SwiftUIViews */ = {
			isa = PBXNativeTarget;
			buildConfigurationList = 3593631B2C07AC4100B1C233 /* Build configuration list for PBXNativeTarget "SwiftUIViews" */;
			buildPhases = (
				359363092C07AC4000B1C233 /* Sources */,
				3593630A2C07AC4000B1C233 /* Frameworks */,
				3593630B2C07AC4000B1C233 /* Resources */,
			);
			buildRules = (
			);
			dependencies = (
			);
			name = SwiftUIViews;
			productName = SwiftUIViews;
			productReference = 3593630D2C07AC4000B1C233 /* SwiftUIViews.app */;
			productType = "com.apple.product-type.application";
		};
/* End PBXNativeTarget section */

/* Begin PBXProject section */
		359363052C07AC4000B1C233 /* Project object */ = {
			isa = PBXProject;
			attributes = {
				BuildIndependentTargetsInParallel = 1;
				LastSwiftUpdateCheck = 1540;
				LastUpgradeCheck = 1540;
				TargetAttributes = {
					3593630C2C07AC4000B1C233 = {
						CreatedOnToolsVersion = 15.4;
					};
				};
			};
			buildConfigurationList = 359363082C07AC4000B1C233 /* Build configuration list for PBXProject "SwiftUIViews" */;
			compatibilityVersion = "Xcode 14.0";
			developmentRegion = en;
			hasScannedForEncodings = 0;
			knownRegions = (
				en,
				Base,
			);
			mainGroup = 359363042C07AC4000B1C233;
			productRefGroup = 3593630E2C07AC4000B1C233 /* Products */;
			projectDirPath = "";
			projectRoot = "";
			targets = (
				3593630C2C07AC4000B1C233 /* SwiftUIViews */,
			);
		};
/* End PBXProject section */

/* Begin PBXResourcesBuildPhase section */
		3593630B2C07AC4000B1C233 /* Resources */ = {
			isa = PBXResourcesBuildPhase;
			buildActionMask = 2147483647;
			files = (
				359363182C07AC4100B1C233 /* Preview Assets.xcassets in Resources */,
				359363152C07AC4100B1C233 /* Assets.xcassets in Resources */,
			);
			runOnlyForDeploymentPostprocessing = 0;
		};
/* End PBXResourcesBuildPhase section */

/* Begin PBXSourcesBuildPhase section */
		359363092C07AC4000B1C233 /* Sources */ = {
			isa = PBXSourcesBuildPhase;
			buildActionMask = 2147483647;
			files = (
				3525C6C32C082BAE00AC800A /* SearchingTextField.swift in Sources */,
				3525C6DD2C0877B800AC800A /* BasicLoginView.swift in Sources */,
				35C6E6FC2C1CE57600482996 /* SectionHeader.swift in Sources */,
				357B0B662C07DD61000B9A7C /* BodyLabel.swift in Sources */,
				3525C6B82C07F1CA00AC800A /* CustomTextField.swift in Sources */,
				3525C6CB2C083B0B00AC800A /* OutlinedTextField.swift in Sources */,
				357B0B6A2C07DDB6000B9A7C /* FooterLabel.swift in Sources */,
				3525C6BE2C08237900AC800A /* UnderlinedTextField.swift in Sources */,
				359363132C07AC4000B1C233 /* TextContentView.swift in Sources */,
				3525C6D72C085B7800AC800A /* IllusionTextField.swift in Sources */,
				3525C6C92C0838D500AC800A /* OvalTextField.swift in Sources */,
				3525C6C52C08372500AC800A /* ColorExtension.swift in Sources */,
				3525C6BA2C07F61700AC800A /* TextFieldContentView.swift in Sources */,
				3525C6D52C08593C00AC800A /* Validations.swift in Sources */,
				3525C6DB2C08707F00AC800A /* GangnamTextField.swift in Sources */,
				351D70782CCE940300753788 /* CloseButton.swift in Sources */,
				351D707C2CCE955100753788 /* RoundButton.swift in Sources */,
				357B0B5A2C07AE35000B9A7C /* TitleLabel.swift in Sources */,
				351D70762CCE938C00753788 /* IconButton.swift in Sources */,
				3525C6DF2C08868300AC800A /* ProtocolExtension.swift in Sources */,
				351D70742CCE925700753788 /* CustomButton.swift in Sources */,
				357B0B5C2C07AE80000B9A7C /* SubtitleLabel.swift in Sources */,
				351D707A2CCE951C00753788 /* ToggleButton.swift in Sources */,
				359363112C07AC4000B1C233 /* SwiftUIViewsApp.swift in Sources */,
				3525C6C12C0823BE00AC800A /* ViewExtension.swift in Sources */,
				357B0B632C07DC65000B9A7C /* CaptionLabel.swift in Sources */,
				3525C6BC2C07F76300AC800A /* PasswordTextField.swift in Sources */,
				3525C6CD2C0843DB00AC800A /* CommonTextField.swift in Sources */,
				357B0B5E2C07AEB4000B9A7C /* IconLabel.swift in Sources */,
				3525C6C72C08375E00AC800A /* NeumorphicStyleTextField.swift in Sources */,
				3525C6D32C0858F100AC800A /* ValidationDelegate.swift in Sources */,
				357B0B682C07DD82000B9A7C /* HeaderLabel.swift in Sources */,
				3525C6D92C086E6F00AC800A /* ButterflyTextField.swift in Sources */,
				3525C6D02C08586800AC800A /* ValidationModel.swift in Sources */,
				357B0B602C07B989000B9A7C /* CustomText.swift in Sources */,
			);
			runOnlyForDeploymentPostprocessing = 0;
		};
/* End PBXSourcesBuildPhase section */

/* Begin XCBuildConfiguration section */
		359363192C07AC4100B1C233 /* Debug */ = {
			isa = XCBuildConfiguration;
			buildSettings = {
				ALWAYS_SEARCH_USER_PATHS = NO;
				ASSETCATALOG_COMPILER_GENERATE_SWIFT_ASSET_SYMBOL_EXTENSIONS = YES;
				CLANG_ANALYZER_NONNULL = YES;
				CLANG_ANALYZER_NUMBER_OBJECT_CONVERSION = YES_AGGRESSIVE;
				CLANG_CXX_LANGUAGE_STANDARD = "gnu++20";
				CLANG_ENABLE_MODULES = YES;
				CLANG_ENABLE_OBJC_ARC = YES;
				CLANG_ENABLE_OBJC_WEAK = YES;
				CLANG_WARN_BLOCK_CAPTURE_AUTORELEASING = YES;
				CLANG_WARN_BOOL_CONVERSION = YES;
				CLANG_WARN_COMMA = YES;
				CLANG_WARN_CONSTANT_CONVERSION = YES;
				CLANG_WARN_DEPRECATED_OBJC_IMPLEMENTATIONS = YES;
				CLANG_WARN_DIRECT_OBJC_ISA_USAGE = YES_ERROR;
				CLANG_WARN_DOCUMENTATION_COMMENTS = YES;
				CLANG_WARN_EMPTY_BODY = YES;
				CLANG_WARN_ENUM_CONVERSION = YES;
				CLANG_WARN_INFINITE_RECURSION = YES;
				CLANG_WARN_INT_CONVERSION = YES;
				CLANG_WARN_NON_LITERAL_NULL_CONVERSION = YES;
				CLANG_WARN_OBJC_IMPLICIT_RETAIN_SELF = YES;
				CLANG_WARN_OBJC_LITERAL_CONVERSION = YES;
				CLANG_WARN_OBJC_ROOT_CLASS = YES_ERROR;
				CLANG_WARN_QUOTED_INCLUDE_IN_FRAMEWORK_HEADER = YES;
				CLANG_WARN_RANGE_LOOP_ANALYSIS = YES;
				CLANG_WARN_STRICT_PROTOTYPES = YES;
				CLANG_WARN_SUSPICIOUS_MOVE = YES;
				CLANG_WARN_UNGUARDED_AVAILABILITY = YES_AGGRESSIVE;
				CLANG_WARN_UNREACHABLE_CODE = YES;
				CLANG_WARN__DUPLICATE_METHOD_MATCH = YES;
				COPY_PHASE_STRIP = NO;
				DEBUG_INFORMATION_FORMAT = dwarf;
				ENABLE_STRICT_OBJC_MSGSEND = YES;
				ENABLE_TESTABILITY = YES;
				ENABLE_USER_SCRIPT_SANDBOXING = YES;
				GCC_C_LANGUAGE_STANDARD = gnu17;
				GCC_DYNAMIC_NO_PIC = NO;
				GCC_NO_COMMON_BLOCKS = YES;
				GCC_OPTIMIZATION_LEVEL = 0;
				GCC_PREPROCESSOR_DEFINITIONS = (
					"DEBUG=1",
					"$(inherited)",
				);
				GCC_WARN_64_TO_32_BIT_CONVERSION = YES;
				GCC_WARN_ABOUT_RETURN_TYPE = YES_ERROR;
				GCC_WARN_UNDECLARED_SELECTOR = YES;
				GCC_WARN_UNINITIALIZED_AUTOS = YES_AGGRESSIVE;
				GCC_WARN_UNUSED_FUNCTION = YES;
				GCC_WARN_UNUSED_VARIABLE = YES;
				IPHONEOS_DEPLOYMENT_TARGET = 17.5;
				LOCALIZATION_PREFERS_STRING_CATALOGS = YES;
				MTL_ENABLE_DEBUG_INFO = INCLUDE_SOURCE;
				MTL_FAST_MATH = YES;
				ONLY_ACTIVE_ARCH = YES;
				SDKROOT = iphoneos;
				SWIFT_ACTIVE_COMPILATION_CONDITIONS = "DEBUG $(inherited)";
				SWIFT_OPTIMIZATION_LEVEL = "-Onone";
			};
			name = Debug;
		};
		3593631A2C07AC4100B1C233 /* Release */ = {
			isa = XCBuildConfiguration;
			buildSettings = {
				ALWAYS_SEARCH_USER_PATHS = NO;
				ASSETCATALOG_COMPILER_GENERATE_SWIFT_ASSET_SYMBOL_EXTENSIONS = YES;
				CLANG_ANALYZER_NONNULL = YES;
				CLANG_ANALYZER_NUMBER_OBJECT_CONVERSION = YES_AGGRESSIVE;
				CLANG_CXX_LANGUAGE_STANDARD = "gnu++20";
				CLANG_ENABLE_MODULES = YES;
				CLANG_ENABLE_OBJC_ARC = YES;
				CLANG_ENABLE_OBJC_WEAK = YES;
				CLANG_WARN_BLOCK_CAPTURE_AUTORELEASING = YES;
				CLANG_WARN_BOOL_CONVERSION = YES;
				CLANG_WARN_COMMA = YES;
				CLANG_WARN_CONSTANT_CONVERSION = YES;
				CLANG_WARN_DEPRECATED_OBJC_IMPLEMENTATIONS = YES;
				CLANG_WARN_DIRECT_OBJC_ISA_USAGE = YES_ERROR;
				CLANG_WARN_DOCUMENTATION_COMMENTS = YES;
				CLANG_WARN_EMPTY_BODY = YES;
				CLANG_WARN_ENUM_CONVERSION = YES;
				CLANG_WARN_INFINITE_RECURSION = YES;
				CLANG_WARN_INT_CONVERSION = YES;
				CLANG_WARN_NON_LITERAL_NULL_CONVERSION = YES;
				CLANG_WARN_OBJC_IMPLICIT_RETAIN_SELF = YES;
				CLANG_WARN_OBJC_LITERAL_CONVERSION = YES;
				CLANG_WARN_OBJC_ROOT_CLASS = YES_ERROR;
				CLANG_WARN_QUOTED_INCLUDE_IN_FRAMEWORK_HEADER = YES;
				CLANG_WARN_RANGE_LOOP_ANALYSIS = YES;
				CLANG_WARN_STRICT_PROTOTYPES = YES;
				CLANG_WARN_SUSPICIOUS_MOVE = YES;
				CLANG_WARN_UNGUARDED_AVAILABILITY = YES_AGGRESSIVE;
				CLANG_WARN_UNREACHABLE_CODE = YES;
				CLANG_WARN__DUPLICATE_METHOD_MATCH = YES;
				COPY_PHASE_STRIP = NO;
				DEBUG_INFORMATION_FORMAT = "dwarf-with-dsym";
				ENABLE_NS_ASSERTIONS = NO;
				ENABLE_STRICT_OBJC_MSGSEND = YES;
				ENABLE_USER_SCRIPT_SANDBOXING = YES;
				GCC_C_LANGUAGE_STANDARD = gnu17;
				GCC_NO_COMMON_BLOCKS = YES;
				GCC_WARN_64_TO_32_BIT_CONVERSION = YES;
				GCC_WARN_ABOUT_RETURN_TYPE = YES_ERROR;
				GCC_WARN_UNDECLARED_SELECTOR = YES;
				GCC_WARN_UNINITIALIZED_AUTOS = YES_AGGRESSIVE;
				GCC_WARN_UNUSED_FUNCTION = YES;
				GCC_WARN_UNUSED_VARIABLE = YES;
				IPHONEOS_DEPLOYMENT_TARGET = 17.5;
				LOCALIZATION_PREFERS_STRING_CATALOGS = YES;
				MTL_ENABLE_DEBUG_INFO = NO;
				MTL_FAST_MATH = YES;
				SDKROOT = iphoneos;
				SWIFT_COMPILATION_MODE = wholemodule;
				VALIDATE_PRODUCT = YES;
			};
			name = Release;
		};
		3593631C2C07AC4100B1C233 /* Debug */ = {
			isa = XCBuildConfiguration;
			buildSettings = {
				ASSETCATALOG_COMPILER_APPICON_NAME = AppIcon;
				ASSETCATALOG_COMPILER_GLOBAL_ACCENT_COLOR_NAME = AccentColor;
				CODE_SIGN_STYLE = Automatic;
				CURRENT_PROJECT_VERSION = 1;
				DEVELOPMENT_ASSET_PATHS = "\"SwiftUIViews/Preview Content\"";
				DEVELOPMENT_TEAM = 688BH99XNH;
				ENABLE_PREVIEWS = YES;
				GENERATE_INFOPLIST_FILE = YES;
				INFOPLIST_KEY_UIApplicationSceneManifest_Generation = YES;
				INFOPLIST_KEY_UIApplicationSupportsIndirectInputEvents = YES;
				INFOPLIST_KEY_UILaunchScreen_Generation = YES;
				INFOPLIST_KEY_UISupportedInterfaceOrientations_iPad = "UIInterfaceOrientationPortrait UIInterfaceOrientationPortraitUpsideDown UIInterfaceOrientationLandscapeLeft UIInterfaceOrientationLandscapeRight";
				INFOPLIST_KEY_UISupportedInterfaceOrientations_iPhone = "UIInterfaceOrientationPortrait UIInterfaceOrientationLandscapeLeft UIInterfaceOrientationLandscapeRight";
				LD_RUNPATH_SEARCH_PATHS = (
					"$(inherited)",
					"@executable_path/Frameworks",
				);
				MARKETING_VERSION = 1.0;
				PRODUCT_BUNDLE_IDENTIFIER = com.sabridindar.SwiftUIViews;
				PRODUCT_NAME = "$(TARGET_NAME)";
				SWIFT_EMIT_LOC_STRINGS = YES;
				SWIFT_VERSION = 5.0;
				TARGETED_DEVICE_FAMILY = "1,2";
			};
			name = Debug;
		};
		3593631D2C07AC4100B1C233 /* Release */ = {
			isa = XCBuildConfiguration;
			buildSettings = {
				ASSETCATALOG_COMPILER_APPICON_NAME = AppIcon;
				ASSETCATALOG_COMPILER_GLOBAL_ACCENT_COLOR_NAME = AccentColor;
				CODE_SIGN_STYLE = Automatic;
				CURRENT_PROJECT_VERSION = 1;
				DEVELOPMENT_ASSET_PATHS = "\"SwiftUIViews/Preview Content\"";
				DEVELOPMENT_TEAM = 688BH99XNH;
				ENABLE_PREVIEWS = YES;
				GENERATE_INFOPLIST_FILE = YES;
				INFOPLIST_KEY_UIApplicationSceneManifest_Generation = YES;
				INFOPLIST_KEY_UIApplicationSupportsIndirectInputEvents = YES;
				INFOPLIST_KEY_UILaunchScreen_Generation = YES;
				INFOPLIST_KEY_UISupportedInterfaceOrientations_iPad = "UIInterfaceOrientationPortrait UIInterfaceOrientationPortraitUpsideDown UIInterfaceOrientationLandscapeLeft UIInterfaceOrientationLandscapeRight";
				INFOPLIST_KEY_UISupportedInterfaceOrientations_iPhone = "UIInterfaceOrientationPortrait UIInterfaceOrientationLandscapeLeft UIInterfaceOrientationLandscapeRight";
				LD_RUNPATH_SEARCH_PATHS = (
					"$(inherited)",
					"@executable_path/Frameworks",
				);
				MARKETING_VERSION = 1.0;
				PRODUCT_BUNDLE_IDENTIFIER = com.sabridindar.SwiftUIViews;
				PRODUCT_NAME = "$(TARGET_NAME)";
				SWIFT_EMIT_LOC_STRINGS = YES;
				SWIFT_VERSION = 5.0;
				TARGETED_DEVICE_FAMILY = "1,2";
			};
			name = Release;
		};
/* End XCBuildConfiguration section */

/* Begin XCConfigurationList section */
		359363082C07AC4000B1C233 /* Build configuration list for PBXProject "SwiftUIViews" */ = {
			isa = XCConfigurationList;
			buildConfigurations = (
				359363192C07AC4100B1C233 /* Debug */,
				3593631A2C07AC4100B1C233 /* Release */,
			);
			defaultConfigurationIsVisible = 0;
			defaultConfigurationName = Release;
		};
		3593631B2C07AC4100B1C233 /* Build configuration list for PBXNativeTarget "SwiftUIViews" */ = {
			isa = XCConfigurationList;
			buildConfigurations = (
				3593631C2C07AC4100B1C233 /* Debug */,
				3593631D2C07AC4100B1C233 /* Release */,
			);
			defaultConfigurationIsVisible = 0;
			defaultConfigurationName = Release;
		};
/* End XCConfigurationList section */
	};
	rootObject = 359363052C07AC4000B1C233 /* Project object */;
}
